
Microsoft Visual Studio Solution File, Format Version 12.00
# Visual Studio Version 16
VisualStudioVersion = 16.0.29102.190
MinimumVisualStudioVersion = 10.0.40219.1
Project("{FAE04EC0-301F-11D3-BF4B-00C04F79EFBC}") = "FranceFriesTest", "FranceFriesTest\FranceFriesTest.csproj", "{ED5175CE-4CF3-4DBF-9090-E2361DAB0F1D}"
EndProject
Global
	GlobalSection(SolutionConfigurationPlatforms) = preSolution
		Debug|Any CPU = Debug|Any CPU
		Release|Any CPU = Release|Any CPU
	EndGlobalSection
	GlobalSection(ProjectConfigurationPlatforms) = postSolution
		{ED5175CE-4CF3-4DBF-9090-E2361DAB0F1D}.Debug|Any CPU.ActiveCfg = Debug|Any CPU
		{ED5175CE-4CF3-4DBF-9090-E2361DAB0F1D}.Debug|Any CPU.Build.0 = Debug|Any CPU
		{ED5175CE-4CF3-4DBF-9090-E2361DAB0F1D}.Release|Any CPU.ActiveCfg = Release|Any CPU
		{ED5175CE-4CF3-4DBF-9090-E2361DAB0F1D}.Release|Any CPU.Build.0 = Release|Any CPU
	EndGlobalSection
	GlobalSection(SolutionProperties) = preSolution
		HideSolutionNode = FALSE
	EndGlobalSection
	GlobalSection(ExtensibilityGlobals) = postSolution
		SolutionGuid = {B899BB5B-6A50-41B4-8F97-C10F4FFC18DC}
	EndGlobalSection
EndGlobal
